
Microsoft Visual Studio Solution File, Format Version 12.00
# Visual Studio Version 17
VisualStudioVersion = 17.0.31717.71
MinimumVisualStudioVersion = 10.0.40219.1
Project("{FAE04EC0-301F-11D3-BF4B-00C04F79EFBC}") = "AntColony", "AntColony\AntColony.csproj", "{6742BA3C-4DB2-44FC-8AD3-0524EA2FB1EB}"
EndProject
Global
	GlobalSection(SolutionConfigurationPlatforms) = preSolution
		Debug|Any CPU = Debug|Any CPU
		Release|Any CPU = Release|Any CPU
	EndGlobalSection
	GlobalSection(ProjectConfigurationPlatforms) = postSolution
		{6742BA3C-4DB2-44FC-8AD3-0524EA2FB1EB}.Debug|Any CPU.ActiveCfg = Debug|Any CPU
		{6742BA3C-4DB2-44FC-8AD3-0524EA2FB1EB}.Debug|Any CPU.Build.0 = Debug|Any CPU
		{6742BA3C-4DB2-44FC-8AD3-0524EA2FB1EB}.Release|Any CPU.ActiveCfg = Release|Any CPU
		{6742BA3C-4DB2-44FC-8AD3-0524EA2FB1EB}.Release|Any CPU.Build.0 = Release|Any CPU
	EndGlobalSection
	GlobalSection(SolutionProperties) = preSolution
		HideSolutionNode = FALSE
	EndGlobalSection
	GlobalSection(ExtensibilityGlobals) = postSolution
		SolutionGuid = {287E4865-B2D6-4733-BEFF-CBC276208A65}
	EndGlobalSection
EndGlobal
